
Microsoft Visual Studio Solution File, Format Version 12.00
# Visual Studio Version 17
VisualStudioVersion = 17.0.32112.339
MinimumVisualStudioVersion = 10.0.40219.1
Project("{FAE04EC0-301F-11D3-BF4B-00C04F79EFBC}") = "PerfumeAppAPI", "PerfumeAppAPI\PerfumeAppAPI.csproj", "{A5D3ED28-A694-471C-8EE2-F75FFD34E3A6}"
EndProject
Global
	GlobalSection(SolutionConfigurationPlatforms) = preSolution
		Debug|Any CPU = Debug|Any CPU
		Release|Any CPU = Release|Any CPU
	EndGlobalSection
	GlobalSection(ProjectConfigurationPlatforms) = postSolution
		{A5D3ED28-A694-471C-8EE2-F75FFD34E3A6}.Debug|Any CPU.ActiveCfg = Debug|Any CPU
		{A5D3ED28-A694-471C-8EE2-F75FFD34E3A6}.Debug|Any CPU.Build.0 = Debug|Any CPU
		{A5D3ED28-A694-471C-8EE2-F75FFD34E3A6}.Release|Any CPU.ActiveCfg = Release|Any CPU
		{A5D3ED28-A694-471C-8EE2-F75FFD34E3A6}.Release|Any CPU.Build.0 = Release|Any CPU
	EndGlobalSection
	GlobalSection(SolutionProperties) = preSolution
		HideSolutionNode = FALSE
	EndGlobalSection
	GlobalSection(ExtensibilityGlobals) = postSolution
		SolutionGuid = {6F22BEDF-8DB7-49D5-9882-BCF24223EF56}
	EndGlobalSection
EndGlobal
